// !$*UTF8*$!
{
	archiveVersion = 1;
	classes = {
	};
	objectVersion = 56;
	objects = {

/* Begin PBXBuildFile section */
		FA0814992A551E35005FD95E /* AppDelegate.swift in Sources */ = {isa = PBXBuildFile; fileRef = FA0814982A551E35005FD95E /* AppDelegate.swift */; };
		FA08149B2A551E35005FD95E /* SceneDelegate.swift in Sources */ = {isa = PBXBuildFile; fileRef = FA08149A2A551E35005FD95E /* SceneDelegate.swift */; };
		FA08149D2A551E35005FD95E /* ViewController.swift in Sources */ = {isa = PBXBuildFile; fileRef = FA08149C2A551E35005FD95E /* ViewController.swift */; };
		FA0814A02A551E35005FD95E /* Main.storyboard in Resources */ = {isa = PBXBuildFile; fileRef = FA08149E2A551E35005FD95E /* Main.storyboard */; };
		FA0814A22A551E36005FD95E /* Assets.xcassets in Resources */ = {isa = PBXBuildFile; fileRef = FA0814A12A551E36005FD95E /* Assets.xcassets */; };
		FA0814A52A551E36005FD95E /* LaunchScreen.storyboard in Resources */ = {isa = PBXBuildFile; fileRef = FA0814A32A551E36005FD95E /* LaunchScreen.storyboard */; };
		FA0814B02A551E36005FD95E /* Share_Link_iOSTests.swift in Sources */ = {isa = PBXBuildFile; fileRef = FA0814AF2A551E36005FD95E /* Share_Link_iOSTests.swift */; };
		FA0814BA2A551E36005FD95E /* Share_Link_iOSUITests.swift in Sources */ = {isa = PBXBuildFile; fileRef = FA0814B92A551E36005FD95E /* Share_Link_iOSUITests.swift */; };
		FA0814BC2A551E36005FD95E /* Share_Link_iOSUITestsLaunchTests.swift in Sources */ = {isa = PBXBuildFile; fileRef = FA0814BB2A551E36005FD95E /* Share_Link_iOSUITestsLaunchTests.swift */; };
/* End PBXBuildFile section */

/* Begin PBXContainerItemProxy section */
		FA0814AC2A551E36005FD95E /* PBXContainerItemProxy */ = {
			isa = PBXContainerItemProxy;
			containerPortal = FA08148D2A551E35005FD95E /* Project object */;
			proxyType = 1;
			remoteGlobalIDString = FA0814942A551E35005FD95E;
			remoteInfo = "Share-Link-iOS";
		};
		FA0814B62A551E36005FD95E /* PBXContainerItemProxy */ = {
			isa = PBXContainerItemProxy;
			containerPortal = FA08148D2A551E35005FD95E /* Project object */;
			proxyType = 1;
			remoteGlobalIDString = FA0814942A551E35005FD95E;
			remoteInfo = "Share-Link-iOS";
		};
/* End PBXContainerItemProxy section */

/* Begin PBXFileReference section */
		FA0814952A551E35005FD95E /* Share-Link-iOS.app */ = {isa = PBXFileReference; explicitFileType = wrapper.application; includeInIndex = 0; path = "Share-Link-iOS.app"; sourceTree = BUILT_PRODUCTS_DIR; };
		FA0814982A551E35005FD95E /* AppDelegate.swift */ = {isa = PBXFileReference; lastKnownFileType = sourcecode.swift; path = AppDelegate.swift; sourceTree = "<group>"; };
		FA08149A2A551E35005FD95E /* SceneDelegate.swift */ = {isa = PBXFileReference; lastKnownFileType = sourcecode.swift; path = SceneDelegate.swift; sourceTree = "<group>"; };
		FA08149C2A551E35005FD95E /* ViewController.swift */ = {isa = PBXFileReference; lastKnownFileType = sourcecode.swift; path = ViewController.swift; sourceTree = "<group>"; };
		FA08149F2A551E35005FD95E /* Base */ = {isa = PBXFileReference; lastKnownFileType = file.storyboard; name = Base; path = Base.lproj/Main.storyboard; sourceTree = "<group>"; };
		FA0814A12A551E36005FD95E /* Assets.xcassets */ = {isa = PBXFileReference; lastKnownFileType = folder.assetcatalog; path = Assets.xcassets; sourceTree = "<group>"; };
		FA0814A42A551E36005FD95E /* Base */ = {isa = PBXFileReference; lastKnownFileType = file.storyboard; name = Base; path = Base.lproj/LaunchScreen.storyboard; sourceTree = "<group>"; };
		FA0814A62A551E36005FD95E /* Info.plist */ = {isa = PBXFileReference; lastKnownFileType = text.plist.xml; path = Info.plist; sourceTree = "<group>"; };
		FA0814AB2A551E36005FD95E /* Share-Link-iOSTests.xctest */ = {isa = PBXFileReference; explicitFileType = wrapper.cfbundle; includeInIndex = 0; path = "Share-Link-iOSTests.xctest"; sourceTree = BUILT_PRODUCTS_DIR; };
		FA0814AF2A551E36005FD95E /* Share_Link_iOSTests.swift */ = {isa = PBXFileReference; lastKnownFileType = sourcecode.swift; path = Share_Link_iOSTests.swift; sourceTree = "<group>"; };
		FA0814B52A551E36005FD95E /* Share-Link-iOSUITests.xctest */ = {isa = PBXFileReference; explicitFileType = wrapper.cfbundle; includeInIndex = 0; path = "Share-Link-iOSUITests.xctest"; sourceTree = BUILT_PRODUCTS_DIR; };
		FA0814B92A551E36005FD95E /* Share_Link_iOSUITests.swift */ = {isa = PBXFileReference; lastKnownFileType = sourcecode.swift; path = Share_Link_iOSUITests.swift; sourceTree = "<group>"; };
		FA0814BB2A551E36005FD95E /* Share_Link_iOSUITestsLaunchTests.swift */ = {isa = PBXFileReference; lastKnownFileType = sourcecode.swift; path = Share_Link_iOSUITestsLaunchTests.swift; sourceTree = "<group>"; };
/* End PBXFileReference section */

/* Begin PBXFrameworksBuildPhase section */
		FA0814922A551E35005FD95E /* Frameworks */ = {
			isa = PBXFrameworksBuildPhase;
			buildActionMask = 2147483647;
			files = (
			);
			runOnlyForDeploymentPostprocessing = 0;
		};
		FA0814A82A551E36005FD95E /* Frameworks */ = {
			isa = PBXFrameworksBuildPhase;
			buildActionMask = 2147483647;
			files = (
			);
			runOnlyForDeploymentPostprocessing = 0;
		};
		FA0814B22A551E36005FD95E /* Frameworks */ = {
			isa = PBXFrameworksBuildPhase;
			buildActionMask = 2147483647;
			files = (
			);
			runOnlyForDeploymentPostprocessing = 0;
		};
/* End PBXFrameworksBuildPhase section */

/* Begin PBXGroup section */
		FA08148C2A551E35005FD95E = {
			isa = PBXGroup;
			children = (
				FA0814972A551E35005FD95E /* Share-Link-iOS */,
				FA0814AE2A551E36005FD95E /* Share-Link-iOSTests */,
				FA0814B82A551E36005FD95E /* Share-Link-iOSUITests */,
				FA0814962A551E35005FD95E /* Products */,
			);
			sourceTree = "<group>";
		};
		FA0814962A551E35005FD95E /* Products */ = {
			isa = PBXGroup;
			children = (
				FA0814952A551E35005FD95E /* Share-Link-iOS.app */,
				FA0814AB2A551E36005FD95E /* Share-Link-iOSTests.xctest */,
				FA0814B52A551E36005FD95E /* Share-Link-iOSUITests.xctest */,
			);
			name = Products;
			sourceTree = "<group>";
		};
		FA0814972A551E35005FD95E /* Share-Link-iOS */ = {
			isa = PBXGroup;
			children = (
				FA0814982A551E35005FD95E /* AppDelegate.swift */,
				FA08149A2A551E35005FD95E /* SceneDelegate.swift */,
				FA08149C2A551E35005FD95E /* ViewController.swift */,
				FA08149E2A551E35005FD95E /* Main.storyboard */,
				FA0814A12A551E36005FD95E /* Assets.xcassets */,
				FA0814A32A551E36005FD95E /* LaunchScreen.storyboard */,
				FA0814A62A551E36005FD95E /* Info.plist */,
			);
			path = "Share-Link-iOS";
			sourceTree = "<group>";
		};
		FA0814AE2A551E36005FD95E /* Share-Link-iOSTests */ = {
			isa = PBXGroup;
			children = (
				FA0814AF2A551E36005FD95E /* Share_Link_iOSTests.swift */,
			);
			path = "Share-Link-iOSTests";
			sourceTree = "<group>";
		};
		FA0814B82A551E36005FD95E /* Share-Link-iOSUITests */ = {
			isa = PBXGroup;
			children = (
				FA0814B92A551E36005FD95E /* Share_Link_iOSUITests.swift */,
				FA0814BB2A551E36005FD95E /* Share_Link_iOSUITestsLaunchTests.swift */,
			);
			path = "Share-Link-iOSUITests";
			sourceTree = "<group>";
		};
/* End PBXGroup section */

/* Begin PBXNativeTarget section */
		FA0814942A551E35005FD95E /* Share-Link-iOS */ = {
			isa = PBXNativeTarget;
			buildConfigurationList = FA0814BF2A551E36005FD95E /* Build configuration list for PBXNativeTarget "Share-Link-iOS" */;
			buildPhases = (
				FA0814912A551E35005FD95E /* Sources */,
				FA0814922A551E35005FD95E /* Frameworks */,
				FA0814932A551E35005FD95E /* Resources */,
			);
			buildRules = (
			);
			dependencies = (
			);
			name = "Share-Link-iOS";
			productName = "Share-Link-iOS";
			productReference = FA0814952A551E35005FD95E /* Share-Link-iOS.app */;
			productType = "com.apple.product-type.application";
		};
		FA0814AA2A551E36005FD95E /* Share-Link-iOSTests */ = {
			isa = PBXNativeTarget;
			buildConfigurationList = FA0814C22A551E36005FD95E /* Build configuration list for PBXNativeTarget "Share-Link-iOSTests" */;
			buildPhases = (
				FA0814A72A551E36005FD95E /* Sources */,
				FA0814A82A551E36005FD95E /* Frameworks */,
				FA0814A92A551E36005FD95E /* Resources */,
			);
			buildRules = (
			);
			dependencies = (
				FA0814AD2A551E36005FD95E /* PBXTargetDependency */,
			);
			name = "Share-Link-iOSTests";
			productName = "Share-Link-iOSTests";
			productReference = FA0814AB2A551E36005FD95E /* Share-Link-iOSTests.xctest */;
			productType = "com.apple.product-type.bundle.unit-test";
		};
		FA0814B42A551E36005FD95E /* Share-Link-iOSUITests */ = {
			isa = PBXNativeTarget;
			buildConfigurationList = FA0814C52A551E36005FD95E /* Build configuration list for PBXNativeTarget "Share-Link-iOSUITests" */;
			buildPhases = (
				FA0814B12A551E36005FD95E /* Sources */,
				FA0814B22A551E36005FD95E /* Frameworks */,
				FA0814B32A551E36005FD95E /* Resources */,
			);
			buildRules = (
			);
			dependencies = (
				FA0814B72A551E36005FD95E /* PBXTargetDependency */,
			);
			name = "Share-Link-iOSUITests";
			productName = "Share-Link-iOSUITests";
			productReference = FA0814B52A551E36005FD95E /* Share-Link-iOSUITests.xctest */;
			productType = "com.apple.product-type.bundle.ui-testing";
		};
/* End PBXNativeTarget section */

/* Begin PBXProject section */
		FA08148D2A551E35005FD95E /* Project object */ = {
			isa = PBXProject;
			attributes = {
				BuildIndependentTargetsInParallel = 1;
				LastSwiftUpdateCheck = 1430;
				LastUpgradeCheck = 1430;
				TargetAttributes = {
					FA0814942A551E35005FD95E = {
						CreatedOnToolsVersion = 14.3.1;
					};
					FA0814AA2A551E36005FD95E = {
						CreatedOnToolsVersion = 14.3.1;
						TestTargetID = FA0814942A551E35005FD95E;
					};
					FA0814B42A551E36005FD95E = {
						CreatedOnToolsVersion = 14.3.1;
						TestTargetID = FA0814942A551E35005FD95E;
					};
				};
			};
			buildConfigurationList = FA0814902A551E35005FD95E /* Build configuration list for PBXProject "Share-Link-iOS" */;
			compatibilityVersion = "Xcode 14.0";
			developmentRegion = en;
			hasScannedForEncodings = 0;
			knownRegions = (
				en,
				Base,
			);
			mainGroup = FA08148C2A551E35005FD95E;
			productRefGroup = FA0814962A551E35005FD95E /* Products */;
			projectDirPath = "";
			projectRoot = "";
			targets = (
				FA0814942A551E35005FD95E /* Share-Link-iOS */,
				FA0814AA2A551E36005FD95E /* Share-Link-iOSTests */,
				FA0814B42A551E36005FD95E /* Share-Link-iOSUITests */,
			);
		};
/* End PBXProject section */

/* Begin PBXResourcesBuildPhase section */
		FA0814932A551E35005FD95E /* Resources */ = {
			isa = PBXResourcesBuildPhase;
			buildActionMask = 2147483647;
			files = (
				FA0814A52A551E36005FD95E /* LaunchScreen.storyboard in Resources */,
				FA0814A22A551E36005FD95E /* Assets.xcassets in Resources */,
				FA0814A02A551E35005FD95E /* Main.storyboard in Resources */,
			);
			runOnlyForDeploymentPostprocessing = 0;
		};
		FA0814A92A551E36005FD95E /* Resources */ = {
			isa = PBXResourcesBuildPhase;
			buildActionMask = 2147483647;
			files = (
			);
			runOnlyForDeploymentPostprocessing = 0;
		};
		FA0814B32A551E36005FD95E /* Resources */ = {
			isa = PBXResourcesBuildPhase;
			buildActionMask = 2147483647;
			files = (
			);
			runOnlyForDeploymentPostprocessing = 0;
		};
/* End PBXResourcesBuildPhase section */

/* Begin PBXSourcesBuildPhase section */
		FA0814912A551E35005FD95E /* Sources */ = {
			isa = PBXSourcesBuildPhase;
			buildActionMask = 2147483647;
			files = (
				FA08149D2A551E35005FD95E /* ViewController.swift in Sources */,
				FA0814992A551E35005FD95E /* AppDelegate.swift in Sources */,
				FA08149B2A551E35005FD95E /* SceneDelegate.swift in Sources */,
			);
			runOnlyForDeploymentPostprocessing = 0;
		};
		FA0814A72A551E36005FD95E /* Sources */ = {
			isa = PBXSourcesBuildPhase;
			buildActionMask = 2147483647;
			files = (
				FA0814B02A551E36005FD95E /* Share_Link_iOSTests.swift in Sources */,
			);
			runOnlyForDeploymentPostprocessing = 0;
		};
		FA0814B12A551E36005FD95E /* Sources */ = {
			isa = PBXSourcesBuildPhase;
			buildActionMask = 2147483647;
			files = (
				FA0814BC2A551E36005FD95E /* Share_Link_iOSUITestsLaunchTests.swift in Sources */,
				FA0814BA2A551E36005FD95E /* Share_Link_iOSUITests.swift in Sources */,
			);
			runOnlyForDeploymentPostprocessing = 0;
		};
/* End PBXSourcesBuildPhase section */

/* Begin PBXTargetDependency section */
		FA0814AD2A551E36005FD95E /* PBXTargetDependency */ = {
			isa = PBXTargetDependency;
			target = FA0814942A551E35005FD95E /* Share-Link-iOS */;
			targetProxy = FA0814AC2A551E36005FD95E /* PBXContainerItemProxy */;
		};
		FA0814B72A551E36005FD95E /* PBXTargetDependency */ = {
			isa = PBXTargetDependency;
			target = FA0814942A551E35005FD95E /* Share-Link-iOS */;
			targetProxy = FA0814B62A551E36005FD95E /* PBXContainerItemProxy */;
		};
/* End PBXTargetDependency section */

/* Begin PBXVariantGroup section */
		FA08149E2A551E35005FD95E /* Main.storyboard */ = {
			isa = PBXVariantGroup;
			children = (
				FA08149F2A551E35005FD95E /* Base */,
			);
			name = Main.storyboard;
			sourceTree = "<group>";
		};
		FA0814A32A551E36005FD95E /* LaunchScreen.storyboard */ = {
			isa = PBXVariantGroup;
			children = (
				FA0814A42A551E36005FD95E /* Base */,
			);
			name = LaunchScreen.storyboard;
			sourceTree = "<group>";
		};
/* End PBXVariantGroup section */

/* Begin XCBuildConfiguration section */
		FA0814BD2A551E36005FD95E /* Debug */ = {
			isa = XCBuildConfiguration;
			buildSettings = {
				ALWAYS_SEARCH_USER_PATHS = NO;
				CLANG_ANALYZER_NONNULL = YES;
				CLANG_ANALYZER_NUMBER_OBJECT_CONVERSION = YES_AGGRESSIVE;
				CLANG_CXX_LANGUAGE_STANDARD = "gnu++20";
				CLANG_ENABLE_MODULES = YES;
				CLANG_ENABLE_OBJC_ARC = YES;
				CLANG_ENABLE_OBJC_WEAK = YES;
				CLANG_WARN_BLOCK_CAPTURE_AUTORELEASING = YES;
				CLANG_WARN_BOOL_CONVERSION = YES;
				CLANG_WARN_COMMA = YES;
				CLANG_WARN_CONSTANT_CONVERSION = YES;
				CLANG_WARN_DEPRECATED_OBJC_IMPLEMENTATIONS = YES;
				CLANG_WARN_DIRECT_OBJC_ISA_USAGE = YES_ERROR;
				CLANG_WARN_DOCUMENTATION_COMMENTS = YES;
				CLANG_WARN_EMPTY_BODY = YES;
				CLANG_WARN_ENUM_CONVERSION = YES;
				CLANG_WARN_INFINITE_RECURSION = YES;
				CLANG_WARN_INT_CONVERSION = YES;
				CLANG_WARN_NON_LITERAL_NULL_CONVERSION = YES;
				CLANG_WARN_OBJC_IMPLICIT_RETAIN_SELF = YES;
				CLANG_WARN_OBJC_LITERAL_CONVERSION = YES;
				CLANG_WARN_OBJC_ROOT_CLASS = YES_ERROR;
				CLANG_WARN_QUOTED_INCLUDE_IN_FRAMEWORK_HEADER = YES;
				CLANG_WARN_RANGE_LOOP_ANALYSIS = YES;
				CLANG_WARN_STRICT_PROTOTYPES = YES;
				CLANG_WARN_SUSPICIOUS_MOVE = YES;
				CLANG_WARN_UNGUARDED_AVAILABILITY = YES_AGGRESSIVE;
				CLANG_WARN_UNREACHABLE_CODE = YES;
				CLANG_WARN__DUPLICATE_METHOD_MATCH = YES;
				COPY_PHASE_STRIP = NO;
				DEBUG_INFORMATION_FORMAT = dwarf;
				ENABLE_STRICT_OBJC_MSGSEND = YES;
				ENABLE_TESTABILITY = YES;
				GCC_C_LANGUAGE_STANDARD = gnu11;
				GCC_DYNAMIC_NO_PIC = NO;
				GCC_NO_COMMON_BLOCKS = YES;
				GCC_OPTIMIZATION_LEVEL = 0;
				GCC_PREPROCESSOR_DEFINITIONS = (
					"DEBUG=1",
					"$(inherited)",
				);
				GCC_WARN_64_TO_32_BIT_CONVERSION = YES;
				GCC_WARN_ABOUT_RETURN_TYPE = YES_ERROR;
				GCC_WARN_UNDECLARED_SELECTOR = YES;
				GCC_WARN_UNINITIALIZED_AUTOS = YES_AGGRESSIVE;
				GCC_WARN_UNUSED_FUNCTION = YES;
				GCC_WARN_UNUSED_VARIABLE = YES;
				IPHONEOS_DEPLOYMENT_TARGET = 16.4;
				MTL_ENABLE_DEBUG_INFO = INCLUDE_SOURCE;
				MTL_FAST_MATH = YES;
				ONLY_ACTIVE_ARCH = YES;
				SDKROOT = iphoneos;
				SWIFT_ACTIVE_COMPILATION_CONDITIONS = DEBUG;
				SWIFT_OPTIMIZATION_LEVEL = "-Onone";
			};
			name = Debug;
		};
		FA0814BE2A551E36005FD95E /* Release */ = {
			isa = XCBuildConfiguration;
			buildSettings = {
				ALWAYS_SEARCH_USER_PATHS = NO;
				CLANG_ANALYZER_NONNULL = YES;
				CLANG_ANALYZER_NUMBER_OBJECT_CONVERSION = YES_AGGRESSIVE;
				CLANG_CXX_LANGUAGE_STANDARD = "gnu++20";
				CLANG_ENABLE_MODULES = YES;
				CLANG_ENABLE_OBJC_ARC = YES;
				CLANG_ENABLE_OBJC_WEAK = YES;
				CLANG_WARN_BLOCK_CAPTURE_AUTORELEASING = YES;
				CLANG_WARN_BOOL_CONVERSION = YES;
				CLANG_WARN_COMMA = YES;
				CLANG_WARN_CONSTANT_CONVERSION = YES;
				CLANG_WARN_DEPRECATED_OBJC_IMPLEMENTATIONS = YES;
				CLANG_WARN_DIRECT_OBJC_ISA_USAGE = YES_ERROR;
				CLANG_WARN_DOCUMENTATION_COMMENTS = YES;
				CLANG_WARN_EMPTY_BODY = YES;
				CLANG_WARN_ENUM_CONVERSION = YES;
				CLANG_WARN_INFINITE_RECURSION = YES;
				CLANG_WARN_INT_CONVERSION = YES;
				CLANG_WARN_NON_LITERAL_NULL_CONVERSION = YES;
				CLANG_WARN_OBJC_IMPLICIT_RETAIN_SELF = YES;
				CLANG_WARN_OBJC_LITERAL_CONVERSION = YES;
				CLANG_WARN_OBJC_ROOT_CLASS = YES_ERROR;
				CLANG_WARN_QUOTED_INCLUDE_IN_FRAMEWORK_HEADER = YES;
				CLANG_WARN_RANGE_LOOP_ANALYSIS = YES;
				CLANG_WARN_STRICT_PROTOTYPES = YES;
				CLANG_WARN_SUSPICIOUS_MOVE = YES;
				CLANG_WARN_UNGUARDED_AVAILABILITY = YES_AGGRESSIVE;
				CLANG_WARN_UNREACHABLE_CODE = YES;
				CLANG_WARN__DUPLICATE_METHOD_MATCH = YES;
				COPY_PHASE_STRIP = NO;
				DEBUG_INFORMATION_FORMAT = "dwarf-with-dsym";
				ENABLE_NS_ASSERTIONS = NO;
				ENABLE_STRICT_OBJC_MSGSEND = YES;
				GCC_C_LANGUAGE_STANDARD = gnu11;
				GCC_NO_COMMON_BLOCKS = YES;
				GCC_WARN_64_TO_32_BIT_CONVERSION = YES;
				GCC_WARN_ABOUT_RETURN_TYPE = YES_ERROR;
				GCC_WARN_UNDECLARED_SELECTOR = YES;
				GCC_WARN_UNINITIALIZED_AUTOS = YES_AGGRESSIVE;
				GCC_WARN_UNUSED_FUNCTION = YES;
				GCC_WARN_UNUSED_VARIABLE = YES;
				IPHONEOS_DEPLOYMENT_TARGET = 16.4;
				MTL_ENABLE_DEBUG_INFO = NO;
				MTL_FAST_MATH = YES;
				SDKROOT = iphoneos;
				SWIFT_COMPILATION_MODE = wholemodule;
				SWIFT_OPTIMIZATION_LEVEL = "-O";
				VALIDATE_PRODUCT = YES;
			};
			name = Release;
		};
		FA0814C02A551E36005FD95E /* Debug */ = {
			isa = XCBuildConfiguration;
			buildSettings = {
				ASSETCATALOG_COMPILER_APPICON_NAME = AppIcon;
				ASSETCATALOG_COMPILER_GLOBAL_ACCENT_COLOR_NAME = AccentColor;
				CODE_SIGN_STYLE = Automatic;
				CURRENT_PROJECT_VERSION = 1;
				DEVELOPMENT_TEAM = V2ZH89V9YY;
				GENERATE_INFOPLIST_FILE = YES;
				INFOPLIST_FILE = "Share-Link-iOS/Info.plist";
				INFOPLIST_KEY_UIApplicationSupportsIndirectInputEvents = YES;
				INFOPLIST_KEY_UILaunchStoryboardName = LaunchScreen;
				INFOPLIST_KEY_UIMainStoryboardFile = Main;
				INFOPLIST_KEY_UISupportedInterfaceOrientations_iPad = "UIInterfaceOrientationPortrait UIInterfaceOrientationPortraitUpsideDown UIInterfaceOrientationLandscapeLeft UIInterfaceOrientationLandscapeRight";
				INFOPLIST_KEY_UISupportedInterfaceOrientations_iPhone = "UIInterfaceOrientationPortrait UIInterfaceOrientationLandscapeLeft UIInterfaceOrientationLandscapeRight";
				LD_RUNPATH_SEARCH_PATHS = (
					"$(inherited)",
					"@executable_path/Frameworks",
				);
				MARKETING_VERSION = 1.0;
				PRODUCT_BUNDLE_IDENTIFIER = "share-link-ios.Share-Link-iOS";
				PRODUCT_NAME = "$(TARGET_NAME)";
				SWIFT_EMIT_LOC_STRINGS = YES;
				SWIFT_VERSION = 5.0;
				TARGETED_DEVICE_FAMILY = "1,2";
			};
			name = Debug;
		};
		FA0814C12A551E36005FD95E /* Release */ = {
			isa = XCBuildConfiguration;
			buildSettings = {
				ASSETCATALOG_COMPILER_APPICON_NAME = AppIcon;
				ASSETCATALOG_COMPILER_GLOBAL_ACCENT_COLOR_NAME = AccentColor;
				CODE_SIGN_STYLE = Automatic;
				CURRENT_PROJECT_VERSION = 1;
				DEVELOPMENT_TEAM = V2ZH89V9YY;
				GENERATE_INFOPLIST_FILE = YES;
				INFOPLIST_FILE = "Share-Link-iOS/Info.plist";
				INFOPLIST_KEY_UIApplicationSupportsIndirectInputEvents = YES;
				INFOPLIST_KEY_UILaunchStoryboardName = LaunchScreen;
				INFOPLIST_KEY_UIMainStoryboardFile = Main;
				INFOPLIST_KEY_UISupportedInterfaceOrientations_iPad = "UIInterfaceOrientationPortrait UIInterfaceOrientationPortraitUpsideDown UIInterfaceOrientationLandscapeLeft UIInterfaceOrientationLandscapeRight";
				INFOPLIST_KEY_UISupportedInterfaceOrientations_iPhone = "UIInterfaceOrientationPortrait UIInterfaceOrientationLandscapeLeft UIInterfaceOrientationLandscapeRight";
				LD_RUNPATH_SEARCH_PATHS = (
					"$(inherited)",
					"@executable_path/Frameworks",
				);
				MARKETING_VERSION = 1.0;
				PRODUCT_BUNDLE_IDENTIFIER = "share-link-ios.Share-Link-iOS";
				PRODUCT_NAME = "$(TARGET_NAME)";
				SWIFT_EMIT_LOC_STRINGS = YES;
				SWIFT_VERSION = 5.0;
				TARGETED_DEVICE_FAMILY = "1,2";
			};
			name = Release;
		};
		FA0814C32A551E36005FD95E /* Debug */ = {
			isa = XCBuildConfiguration;
			buildSettings = {
				ALWAYS_EMBED_SWIFT_STANDARD_LIBRARIES = YES;
				BUNDLE_LOADER = "$(TEST_HOST)";
				CODE_SIGN_STYLE = Automatic;
				CURRENT_PROJECT_VERSION = 1;
				DEVELOPMENT_TEAM = V2ZH89V9YY;
				GENERATE_INFOPLIST_FILE = YES;
				IPHONEOS_DEPLOYMENT_TARGET = 16.4;
				MARKETING_VERSION = 1.0;
				PRODUCT_BUNDLE_IDENTIFIER = "share-link-ios.Share-Link-iOSTests";
				PRODUCT_NAME = "$(TARGET_NAME)";
				SWIFT_EMIT_LOC_STRINGS = NO;
				SWIFT_VERSION = 5.0;
				TARGETED_DEVICE_FAMILY = "1,2";
				TEST_HOST = "$(BUILT_PRODUCTS_DIR)/Share-Link-iOS.app/$(BUNDLE_EXECUTABLE_FOLDER_PATH)/Share-Link-iOS";
			};
			name = Debug;
		};
		FA0814C42A551E36005FD95E /* Release */ = {
			isa = XCBuildConfiguration;
			buildSettings = {
				ALWAYS_EMBED_SWIFT_STANDARD_LIBRARIES = YES;
				BUNDLE_LOADER = "$(TEST_HOST)";
				CODE_SIGN_STYLE = Automatic;
				CURRENT_PROJECT_VERSION = 1;
				DEVELOPMENT_TEAM = V2ZH89V9YY;
				GENERATE_INFOPLIST_FILE = YES;
				IPHONEOS_DEPLOYMENT_TARGET = 16.4;
				MARKETING_VERSION = 1.0;
				PRODUCT_BUNDLE_IDENTIFIER = "share-link-ios.Share-Link-iOSTests";
				PRODUCT_NAME = "$(TARGET_NAME)";
				SWIFT_EMIT_LOC_STRINGS = NO;
				SWIFT_VERSION = 5.0;
				TARGETED_DEVICE_FAMILY = "1,2";
				TEST_HOST = "$(BUILT_PRODUCTS_DIR)/Share-Link-iOS.app/$(BUNDLE_EXECUTABLE_FOLDER_PATH)/Share-Link-iOS";
			};
			name = Release;
		};
		FA0814C62A551E36005FD95E /* Debug */ = {
			isa = XCBuildConfiguration;
			buildSettings = {
				ALWAYS_EMBED_SWIFT_STANDARD_LIBRARIES = YES;
				CODE_SIGN_STYLE = Automatic;
				CURRENT_PROJECT_VERSION = 1;
				DEVELOPMENT_TEAM = V2ZH89V9YY;
				GENERATE_INFOPLIST_FILE = YES;
				MARKETING_VERSION = 1.0;
				PRODUCT_BUNDLE_IDENTIFIER = "share-link-ios.Share-Link-iOSUITests";
				PRODUCT_NAME = "$(TARGET_NAME)";
				SWIFT_EMIT_LOC_STRINGS = NO;
				SWIFT_VERSION = 5.0;
				TARGETED_DEVICE_FAMILY = "1,2";
				TEST_TARGET_NAME = "Share-Link-iOS";
			};
			name = Debug;
		};
		FA0814C72A551E36005FD95E /* Release */ = {
			isa = XCBuildConfiguration;
			buildSettings = {
				ALWAYS_EMBED_SWIFT_STANDARD_LIBRARIES = YES;
				CODE_SIGN_STYLE = Automatic;
				CURRENT_PROJECT_VERSION = 1;
				DEVELOPMENT_TEAM = V2ZH89V9YY;
				GENERATE_INFOPLIST_FILE = YES;
				MARKETING_VERSION = 1.0;
				PRODUCT_BUNDLE_IDENTIFIER = "share-link-ios.Share-Link-iOSUITests";
				PRODUCT_NAME = "$(TARGET_NAME)";
				SWIFT_EMIT_LOC_STRINGS = NO;
				SWIFT_VERSION = 5.0;
				TARGETED_DEVICE_FAMILY = "1,2";
				TEST_TARGET_NAME = "Share-Link-iOS";
			};
			name = Release;
		};
/* End XCBuildConfiguration section */

/* Begin XCConfigurationList section */
		FA0814902A551E35005FD95E /* Build configuration list for PBXProject "Share-Link-iOS" */ = {
			isa = XCConfigurationList;
			buildConfigurations = (
				FA0814BD2A551E36005FD95E /* Debug */,
				FA0814BE2A551E36005FD95E /* Release */,
			);
			defaultConfigurationIsVisible = 0;
			defaultConfigurationName = Release;
		};
		FA0814BF2A551E36005FD95E /* Build configuration list for PBXNativeTarget "Share-Link-iOS" */ = {
			isa = XCConfigurationList;
			buildConfigurations = (
				FA0814C02A551E36005FD95E /* Debug */,
				FA0814C12A551E36005FD95E /* Release */,
			);
			defaultConfigurationIsVisible = 0;
			defaultConfigurationName = Release;
		};
		FA0814C22A551E36005FD95E /* Build configuration list for PBXNativeTarget "Share-Link-iOSTests" */ = {
			isa = XCConfigurationList;
			buildConfigurations = (
				FA0814C32A551E36005FD95E /* Debug */,
				FA0814C42A551E36005FD95E /* Release */,
			);
			defaultConfigurationIsVisible = 0;
			defaultConfigurationName = Release;
		};
		FA0814C52A551E36005FD95E /* Build configuration list for PBXNativeTarget "Share-Link-iOSUITests" */ = {
			isa = XCConfigurationList;
			buildConfigurations = (
				FA0814C62A551E36005FD95E /* Debug */,
				FA0814C72A551E36005FD95E /* Release */,
			);
			defaultConfigurationIsVisible = 0;
			defaultConfigurationName = Release;
		};
/* End XCConfigurationList section */
	};
	rootObject = FA08148D2A551E35005FD95E /* Project object */;
}
